
Microsoft Visual Studio Solution File, Format Version 12.00
# Visual Studio Version 17
VisualStudioVersion = 17.1.32210.238
MinimumVisualStudioVersion = 10.0.40219.1
Project("{9A19103F-16F7-4668-BE54-9A1E7A4F7556}") = "FoodMenuApi", "FoodMenuApi\FoodMenuApi.csproj", "{B8142087-44C8-404E-BDFA-48C00C6176F5}"
EndProject
Global
	GlobalSection(SolutionConfigurationPlatforms) = preSolution
		Debug|Any CPU = Debug|Any CPU
		Release|Any CPU = Release|Any CPU
	EndGlobalSection
	GlobalSection(ProjectConfigurationPlatforms) = postSolution
		{B8142087-44C8-404E-BDFA-48C00C6176F5}.Debug|Any CPU.ActiveCfg = Debug|Any CPU
		{B8142087-44C8-404E-BDFA-48C00C6176F5}.Debug|Any CPU.Build.0 = Debug|Any CPU
		{B8142087-44C8-404E-BDFA-48C00C6176F5}.Release|Any CPU.ActiveCfg = Release|Any CPU
		{B8142087-44C8-404E-BDFA-48C00C6176F5}.Release|Any CPU.Build.0 = Release|Any CPU
	EndGlobalSection
	GlobalSection(SolutionProperties) = preSolution
		HideSolutionNode = FALSE
	EndGlobalSection
	GlobalSection(ExtensibilityGlobals) = postSolution
		SolutionGuid = {1EE0E2E9-5C7B-4676-B147-DA48C92E792E}
	EndGlobalSection
EndGlobal
